// !$*UTF8*$!
{
	archiveVersion = 1;
	classes = {
	};
	objectVersion = 50;
	objects = {

/* Begin PBXBuildFile section */
		32020D61296C1CB900D6F95B /* AppDelegate.swift in Sources */ = {isa = PBXBuildFile; fileRef = 32020D60296C1CB900D6F95B /* AppDelegate.swift */; };
		32020D63296C1CB900D6F95B /* ViewController.swift in Sources */ = {isa = PBXBuildFile; fileRef = 32020D62296C1CB900D6F95B /* ViewController.swift */; };
		32020D66296C1CB900D6F95B /* Main.storyboard in Resources */ = {isa = PBXBuildFile; fileRef = 32020D64296C1CB900D6F95B /* Main.storyboard */; };
		32020D68296C1CBC00D6F95B /* Assets.xcassets in Resources */ = {isa = PBXBuildFile; fileRef = 32020D67296C1CBC00D6F95B /* Assets.xcassets */; };
		32020D6B296C1CBC00D6F95B /* LaunchScreen.storyboard in Resources */ = {isa = PBXBuildFile; fileRef = 32020D69296C1CBC00D6F95B /* LaunchScreen.storyboard */; };
		32020D76296C1CBC00D6F95B /* Magic_8_BallTests.swift in Sources */ = {isa = PBXBuildFile; fileRef = 32020D75296C1CBC00D6F95B /* Magic_8_BallTests.swift */; };
		32020D81296C1CBC00D6F95B /* Magic_8_BallUITests.swift in Sources */ = {isa = PBXBuildFile; fileRef = 32020D80296C1CBC00D6F95B /* Magic_8_BallUITests.swift */; };
/* End PBXBuildFile section */

/* Begin PBXContainerItemProxy section */
		32020D72296C1CBC00D6F95B /* PBXContainerItemProxy */ = {
			isa = PBXContainerItemProxy;
			containerPortal = 32020D55296C1CB900D6F95B /* Project object */;
			proxyType = 1;
			remoteGlobalIDString = 32020D5C296C1CB900D6F95B;
			remoteInfo = "Magic 8 Ball";
		};
		32020D7D296C1CBC00D6F95B /* PBXContainerItemProxy */ = {
			isa = PBXContainerItemProxy;
			containerPortal = 32020D55296C1CB900D6F95B /* Project object */;
			proxyType = 1;
			remoteGlobalIDString = 32020D5C296C1CB900D6F95B;
			remoteInfo = "Magic 8 Ball";
		};
/* End PBXContainerItemProxy section */

/* Begin PBXFileReference section */
		32020D5D296C1CB900D6F95B /* Magic 8 Ball.app */ = {isa = PBXFileReference; explicitFileType = wrapper.application; includeInIndex = 0; path = "Magic 8 Ball.app"; sourceTree = BUILT_PRODUCTS_DIR; };
		32020D60296C1CB900D6F95B /* AppDelegate.swift */ = {isa = PBXFileReference; lastKnownFileType = sourcecode.swift; path = AppDelegate.swift; sourceTree = "<group>"; };
		32020D62296C1CB900D6F95B /* ViewController.swift */ = {isa = PBXFileReference; lastKnownFileType = sourcecode.swift; path = ViewController.swift; sourceTree = "<group>"; };
		32020D65296C1CB900D6F95B /* Base */ = {isa = PBXFileReference; lastKnownFileType = file.storyboard; name = Base; path = Base.lproj/Main.storyboard; sourceTree = "<group>"; };
		32020D67296C1CBC00D6F95B /* Assets.xcassets */ = {isa = PBXFileReference; lastKnownFileType = folder.assetcatalog; path = Assets.xcassets; sourceTree = "<group>"; };
		32020D6A296C1CBC00D6F95B /* Base */ = {isa = PBXFileReference; lastKnownFileType = file.storyboard; name = Base; path = Base.lproj/LaunchScreen.storyboard; sourceTree = "<group>"; };
		32020D6C296C1CBC00D6F95B /* Info.plist */ = {isa = PBXFileReference; lastKnownFileType = text.plist.xml; path = Info.plist; sourceTree = "<group>"; };
		32020D71296C1CBC00D6F95B /* Magic 8 BallTests.xctest */ = {isa = PBXFileReference; explicitFileType = wrapper.cfbundle; includeInIndex = 0; path = "Magic 8 BallTests.xctest"; sourceTree = BUILT_PRODUCTS_DIR; };
		32020D75296C1CBC00D6F95B /* Magic_8_BallTests.swift */ = {isa = PBXFileReference; lastKnownFileType = sourcecode.swift; path = Magic_8_BallTests.swift; sourceTree = "<group>"; };
		32020D77296C1CBC00D6F95B /* Info.plist */ = {isa = PBXFileReference; lastKnownFileType = text.plist.xml; path = Info.plist; sourceTree = "<group>"; };
		32020D7C296C1CBC00D6F95B /* Magic 8 BallUITests.xctest */ = {isa = PBXFileReference; explicitFileType = wrapper.cfbundle; includeInIndex = 0; path = "Magic 8 BallUITests.xctest"; sourceTree = BUILT_PRODUCTS_DIR; };
		32020D80296C1CBC00D6F95B /* Magic_8_BallUITests.swift */ = {isa = PBXFileReference; lastKnownFileType = sourcecode.swift; path = Magic_8_BallUITests.swift; sourceTree = "<group>"; };
		32020D82296C1CBC00D6F95B /* Info.plist */ = {isa = PBXFileReference; lastKnownFileType = text.plist.xml; path = Info.plist; sourceTree = "<group>"; };
/* End PBXFileReference section */

/* Begin PBXFrameworksBuildPhase section */
		32020D5A296C1CB900D6F95B /* Frameworks */ = {
			isa = PBXFrameworksBuildPhase;
			buildActionMask = 2147483647;
			files = (
			);
			runOnlyForDeploymentPostprocessing = 0;
		};
		32020D6E296C1CBC00D6F95B /* Frameworks */ = {
			isa = PBXFrameworksBuildPhase;
			buildActionMask = 2147483647;
			files = (
			);
			runOnlyForDeploymentPostprocessing = 0;
		};
		32020D79296C1CBC00D6F95B /* Frameworks */ = {
			isa = PBXFrameworksBuildPhase;
			buildActionMask = 2147483647;
			files = (
			);
			runOnlyForDeploymentPostprocessing = 0;
		};
/* End PBXFrameworksBuildPhase section */

/* Begin PBXGroup section */
		32020D54296C1CB900D6F95B = {
			isa = PBXGroup;
			children = (
				32020D5F296C1CB900D6F95B /* Magic 8 Ball */,
				32020D74296C1CBC00D6F95B /* Magic 8 BallTests */,
				32020D7F296C1CBC00D6F95B /* Magic 8 BallUITests */,
				32020D5E296C1CB900D6F95B /* Products */,
			);
			sourceTree = "<group>";
		};
		32020D5E296C1CB900D6F95B /* Products */ = {
			isa = PBXGroup;
			children = (
				32020D5D296C1CB900D6F95B /* Magic 8 Ball.app */,
				32020D71296C1CBC00D6F95B /* Magic 8 BallTests.xctest */,
				32020D7C296C1CBC00D6F95B /* Magic 8 BallUITests.xctest */,
			);
			name = Products;
			sourceTree = "<group>";
		};
		32020D5F296C1CB900D6F95B /* Magic 8 Ball */ = {
			isa = PBXGroup;
			children = (
				32020D60296C1CB900D6F95B /* AppDelegate.swift */,
				32020D62296C1CB900D6F95B /* ViewController.swift */,
				32020D64296C1CB900D6F95B /* Main.storyboard */,
				32020D67296C1CBC00D6F95B /* Assets.xcassets */,
				32020D69296C1CBC00D6F95B /* LaunchScreen.storyboard */,
				32020D6C296C1CBC00D6F95B /* Info.plist */,
			);
			path = "Magic 8 Ball";
			sourceTree = "<group>";
		};
		32020D74296C1CBC00D6F95B /* Magic 8 BallTests */ = {
			isa = PBXGroup;
			children = (
				32020D75296C1CBC00D6F95B /* Magic_8_BallTests.swift */,
				32020D77296C1CBC00D6F95B /* Info.plist */,
			);
			path = "Magic 8 BallTests";
			sourceTree = "<group>";
		};
		32020D7F296C1CBC00D6F95B /* Magic 8 BallUITests */ = {
			isa = PBXGroup;
			children = (
				32020D80296C1CBC00D6F95B /* Magic_8_BallUITests.swift */,
				32020D82296C1CBC00D6F95B /* Info.plist */,
			);
			path = "Magic 8 BallUITests";
			sourceTree = "<group>";
		};
/* End PBXGroup section */

/* Begin PBXNativeTarget section */
		32020D5C296C1CB900D6F95B /* Magic 8 Ball */ = {
			isa = PBXNativeTarget;
			buildConfigurationList = 32020D85296C1CBC00D6F95B /* Build configuration list for PBXNativeTarget "Magic 8 Ball" */;
			buildPhases = (
				32020D59296C1CB900D6F95B /* Sources */,
				32020D5A296C1CB900D6F95B /* Frameworks */,
				32020D5B296C1CB900D6F95B /* Resources */,
			);
			buildRules = (
			);
			dependencies = (
			);
			name = "Magic 8 Ball";
			productName = "Magic 8 Ball";
			productReference = 32020D5D296C1CB900D6F95B /* Magic 8 Ball.app */;
			productType = "com.apple.product-type.application";
		};
		32020D70296C1CBC00D6F95B /* Magic 8 BallTests */ = {
			isa = PBXNativeTarget;
			buildConfigurationList = 32020D88296C1CBC00D6F95B /* Build configuration list for PBXNativeTarget "Magic 8 BallTests" */;
			buildPhases = (
				32020D6D296C1CBC00D6F95B /* Sources */,
				32020D6E296C1CBC00D6F95B /* Frameworks */,
				32020D6F296C1CBC00D6F95B /* Resources */,
			);
			buildRules = (
			);
			dependencies = (
				32020D73296C1CBC00D6F95B /* PBXTargetDependency */,
			);
			name = "Magic 8 BallTests";
			productName = "Magic 8 BallTests";
			productReference = 32020D71296C1CBC00D6F95B /* Magic 8 BallTests.xctest */;
			productType = "com.apple.product-type.bundle.unit-test";
		};
		32020D7B296C1CBC00D6F95B /* Magic 8 BallUITests */ = {
			isa = PBXNativeTarget;
			buildConfigurationList = 32020D8B296C1CBC00D6F95B /* Build configuration list for PBXNativeTarget "Magic 8 BallUITests" */;
			buildPhases = (
				32020D78296C1CBC00D6F95B /* Sources */,
				32020D79296C1CBC00D6F95B /* Frameworks */,
				32020D7A296C1CBC00D6F95B /* Resources */,
			);
			buildRules = (
			);
			dependencies = (
				32020D7E296C1CBC00D6F95B /* PBXTargetDependency */,
			);
			name = "Magic 8 BallUITests";
			productName = "Magic 8 BallUITests";
			productReference = 32020D7C296C1CBC00D6F95B /* Magic 8 BallUITests.xctest */;
			productType = "com.apple.product-type.bundle.ui-testing";
		};
/* End PBXNativeTarget section */

/* Begin PBXProject section */
		32020D55296C1CB900D6F95B /* Project object */ = {
			isa = PBXProject;
			attributes = {
				LastSwiftUpdateCheck = 1010;
				LastUpgradeCheck = 1010;
				ORGANIZATIONNAME = "Simo Loikkanen";
				TargetAttributes = {
					32020D5C296C1CB900D6F95B = {
						CreatedOnToolsVersion = 10.1;
					};
					32020D70296C1CBC00D6F95B = {
						CreatedOnToolsVersion = 10.1;
						TestTargetID = 32020D5C296C1CB900D6F95B;
					};
					32020D7B296C1CBC00D6F95B = {
						CreatedOnToolsVersion = 10.1;
						TestTargetID = 32020D5C296C1CB900D6F95B;
					};
				};
			};
			buildConfigurationList = 32020D58296C1CB900D6F95B /* Build configuration list for PBXProject "Magic 8 Ball" */;
			compatibilityVersion = "Xcode 9.3";
			developmentRegion = en;
			hasScannedForEncodings = 0;
			knownRegions = (
				en,
				Base,
			);
			mainGroup = 32020D54296C1CB900D6F95B;
			productRefGroup = 32020D5E296C1CB900D6F95B /* Products */;
			projectDirPath = "";
			projectRoot = "";
			targets = (
				32020D5C296C1CB900D6F95B /* Magic 8 Ball */,
				32020D70296C1CBC00D6F95B /* Magic 8 BallTests */,
				32020D7B296C1CBC00D6F95B /* Magic 8 BallUITests */,
			);
		};
/* End PBXProject section */

/* Begin PBXResourcesBuildPhase section */
		32020D5B296C1CB900D6F95B /* Resources */ = {
			isa = PBXResourcesBuildPhase;
			buildActionMask = 2147483647;
			files = (
				32020D6B296C1CBC00D6F95B /* LaunchScreen.storyboard in Resources */,
				32020D68296C1CBC00D6F95B /* Assets.xcassets in Resources */,
				32020D66296C1CB900D6F95B /* Main.storyboard in Resources */,
			);
			runOnlyForDeploymentPostprocessing = 0;
		};
		32020D6F296C1CBC00D6F95B /* Resources */ = {
			isa = PBXResourcesBuildPhase;
			buildActionMask = 2147483647;
			files = (
			);
			runOnlyForDeploymentPostprocessing = 0;
		};
		32020D7A296C1CBC00D6F95B /* Resources */ = {
			isa = PBXResourcesBuildPhase;
			buildActionMask = 2147483647;
			files = (
			);
			runOnlyForDeploymentPostprocessing = 0;
		};
/* End PBXResourcesBuildPhase section */

/* Begin PBXSourcesBuildPhase section */
		32020D59296C1CB900D6F95B /* Sources */ = {
			isa = PBXSourcesBuildPhase;
			buildActionMask = 2147483647;
			files = (
				32020D63296C1CB900D6F95B /* ViewController.swift in Sources */,
				32020D61296C1CB900D6F95B /* AppDelegate.swift in Sources */,
			);
			runOnlyForDeploymentPostprocessing = 0;
		};
		32020D6D296C1CBC00D6F95B /* Sources */ = {
			isa = PBXSourcesBuildPhase;
			buildActionMask = 2147483647;
			files = (
				32020D76296C1CBC00D6F95B /* Magic_8_BallTests.swift in Sources */,
			);
			runOnlyForDeploymentPostprocessing = 0;
		};
		32020D78296C1CBC00D6F95B /* Sources */ = {
			isa = PBXSourcesBuildPhase;
			buildActionMask = 2147483647;
			files = (
				32020D81296C1CBC00D6F95B /* Magic_8_BallUITests.swift in Sources */,
			);
			runOnlyForDeploymentPostprocessing = 0;
		};
/* End PBXSourcesBuildPhase section */

/* Begin PBXTargetDependency section */
		32020D73296C1CBC00D6F95B /* PBXTargetDependency */ = {
			isa = PBXTargetDependency;
			target = 32020D5C296C1CB900D6F95B /* Magic 8 Ball */;
			targetProxy = 32020D72296C1CBC00D6F95B /* PBXContainerItemProxy */;
		};
		32020D7E296C1CBC00D6F95B /* PBXTargetDependency */ = {
			isa = PBXTargetDependency;
			target = 32020D5C296C1CB900D6F95B /* Magic 8 Ball */;
			targetProxy = 32020D7D296C1CBC00D6F95B /* PBXContainerItemProxy */;
		};
/* End PBXTargetDependency section */

/* Begin PBXVariantGroup section */
		32020D64296C1CB900D6F95B /* Main.storyboard */ = {
			isa = PBXVariantGroup;
			children = (
				32020D65296C1CB900D6F95B /* Base */,
			);
			name = Main.storyboard;
			sourceTree = "<group>";
		};
		32020D69296C1CBC00D6F95B /* LaunchScreen.storyboard */ = {
			isa = PBXVariantGroup;
			children = (
				32020D6A296C1CBC00D6F95B /* Base */,
			);
			name = LaunchScreen.storyboard;
			sourceTree = "<group>";
		};
/* End PBXVariantGroup section */

/* Begin XCBuildConfiguration section */
		32020D83296C1CBC00D6F95B /* Debug */ = {
			isa = XCBuildConfiguration;
			buildSettings = {
				ALWAYS_SEARCH_USER_PATHS = NO;
				CLANG_ANALYZER_NONNULL = YES;
				CLANG_ANALYZER_NUMBER_OBJECT_CONVERSION = YES_AGGRESSIVE;
				CLANG_CXX_LANGUAGE_STANDARD = "gnu++14";
				CLANG_CXX_LIBRARY = "libc++";
				CLANG_ENABLE_MODULES = YES;
				CLANG_ENABLE_OBJC_ARC = YES;
				CLANG_ENABLE_OBJC_WEAK = YES;
				CLANG_WARN_BLOCK_CAPTURE_AUTORELEASING = YES;
				CLANG_WARN_BOOL_CONVERSION = YES;
				CLANG_WARN_COMMA = YES;
				CLANG_WARN_CONSTANT_CONVERSION = YES;
				CLANG_WARN_DEPRECATED_OBJC_IMPLEMENTATIONS = YES;
				CLANG_WARN_DIRECT_OBJC_ISA_USAGE = YES_ERROR;
				CLANG_WARN_DOCUMENTATION_COMMENTS = YES;
				CLANG_WARN_EMPTY_BODY = YES;
				CLANG_WARN_ENUM_CONVERSION = YES;
				CLANG_WARN_INFINITE_RECURSION = YES;
				CLANG_WARN_INT_CONVERSION = YES;
				CLANG_WARN_NON_LITERAL_NULL_CONVERSION = YES;
				CLANG_WARN_OBJC_IMPLICIT_RETAIN_SELF = YES;
				CLANG_WARN_OBJC_LITERAL_CONVERSION = YES;
				CLANG_WARN_OBJC_ROOT_CLASS = YES_ERROR;
				CLANG_WARN_RANGE_LOOP_ANALYSIS = YES;
				CLANG_WARN_STRICT_PROTOTYPES = YES;
				CLANG_WARN_SUSPICIOUS_MOVE = YES;
				CLANG_WARN_UNGUARDED_AVAILABILITY = YES_AGGRESSIVE;
				CLANG_WARN_UNREACHABLE_CODE = YES;
				CLANG_WARN__DUPLICATE_METHOD_MATCH = YES;
				CODE_SIGN_IDENTITY = "iPhone Developer";
				COPY_PHASE_STRIP = NO;
				DEBUG_INFORMATION_FORMAT = dwarf;
				ENABLE_STRICT_OBJC_MSGSEND = YES;
				ENABLE_TESTABILITY = YES;
				GCC_C_LANGUAGE_STANDARD = gnu11;
				GCC_DYNAMIC_NO_PIC = NO;
				GCC_NO_COMMON_BLOCKS = YES;
				GCC_OPTIMIZATION_LEVEL = 0;
				GCC_PREPROCESSOR_DEFINITIONS = (
					"DEBUG=1",
					"$(inherited)",
				);
				GCC_WARN_64_TO_32_BIT_CONVERSION = YES;
				GCC_WARN_ABOUT_RETURN_TYPE = YES_ERROR;
				GCC_WARN_UNDECLARED_SELECTOR = YES;
				GCC_WARN_UNINITIALIZED_AUTOS = YES_AGGRESSIVE;
				GCC_WARN_UNUSED_FUNCTION = YES;
				GCC_WARN_UNUSED_VARIABLE = YES;
				IPHONEOS_DEPLOYMENT_TARGET = 12.1;
				MTL_ENABLE_DEBUG_INFO = INCLUDE_SOURCE;
				MTL_FAST_MATH = YES;
				ONLY_ACTIVE_ARCH = YES;
				SDKROOT = iphoneos;
				SWIFT_ACTIVE_COMPILATION_CONDITIONS = DEBUG;
				SWIFT_OPTIMIZATION_LEVEL = "-Onone";
			};
			name = Debug;
		};
		32020D84296C1CBC00D6F95B /* Release */ = {
			isa = XCBuildConfiguration;
			buildSettings = {
				ALWAYS_SEARCH_USER_PATHS = NO;
				CLANG_ANALYZER_NONNULL = YES;
				CLANG_ANALYZER_NUMBER_OBJECT_CONVERSION = YES_AGGRESSIVE;
				CLANG_CXX_LANGUAGE_STANDARD = "gnu++14";
				CLANG_CXX_LIBRARY = "libc++";
				CLANG_ENABLE_MODULES = YES;
				CLANG_ENABLE_OBJC_ARC = YES;
				CLANG_ENABLE_OBJC_WEAK = YES;
				CLANG_WARN_BLOCK_CAPTURE_AUTORELEASING = YES;
				CLANG_WARN_BOOL_CONVERSION = YES;
				CLANG_WARN_COMMA = YES;
				CLANG_WARN_CONSTANT_CONVERSION = YES;
				CLANG_WARN_DEPRECATED_OBJC_IMPLEMENTATIONS = YES;
				CLANG_WARN_DIRECT_OBJC_ISA_USAGE = YES_ERROR;
				CLANG_WARN_DOCUMENTATION_COMMENTS = YES;
				CLANG_WARN_EMPTY_BODY = YES;
				CLANG_WARN_ENUM_CONVERSION = YES;
				CLANG_WARN_INFINITE_RECURSION = YES;
				CLANG_WARN_INT_CONVERSION = YES;
				CLANG_WARN_NON_LITERAL_NULL_CONVERSION = YES;
				CLANG_WARN_OBJC_IMPLICIT_RETAIN_SELF = YES;
				CLANG_WARN_OBJC_LITERAL_CONVERSION = YES;
				CLANG_WARN_OBJC_ROOT_CLASS = YES_ERROR;
				CLANG_WARN_RANGE_LOOP_ANALYSIS = YES;
				CLANG_WARN_STRICT_PROTOTYPES = YES;
				CLANG_WARN_SUSPICIOUS_MOVE = YES;
				CLANG_WARN_UNGUARDED_AVAILABILITY = YES_AGGRESSIVE;
				CLANG_WARN_UNREACHABLE_CODE = YES;
				CLANG_WARN__DUPLICATE_METHOD_MATCH = YES;
				CODE_SIGN_IDENTITY = "iPhone Developer";
				COPY_PHASE_STRIP = NO;
				DEBUG_INFORMATION_FORMAT = "dwarf-with-dsym";
				ENABLE_NS_ASSERTIONS = NO;
				ENABLE_STRICT_OBJC_MSGSEND = YES;
				GCC_C_LANGUAGE_STANDARD = gnu11;
				GCC_NO_COMMON_BLOCKS = YES;
				GCC_WARN_64_TO_32_BIT_CONVERSION = YES;
				GCC_WARN_ABOUT_RETURN_TYPE = YES_ERROR;
				GCC_WARN_UNDECLARED_SELECTOR = YES;
				GCC_WARN_UNINITIALIZED_AUTOS = YES_AGGRESSIVE;
				GCC_WARN_UNUSED_FUNCTION = YES;
				GCC_WARN_UNUSED_VARIABLE = YES;
				IPHONEOS_DEPLOYMENT_TARGET = 12.1;
				MTL_ENABLE_DEBUG_INFO = NO;
				MTL_FAST_MATH = YES;
				SDKROOT = iphoneos;
				SWIFT_COMPILATION_MODE = wholemodule;
				SWIFT_OPTIMIZATION_LEVEL = "-O";
				VALIDATE_PRODUCT = YES;
			};
			name = Release;
		};
		32020D86296C1CBC00D6F95B /* Debug */ = {
			isa = XCBuildConfiguration;
			buildSettings = {
				ASSETCATALOG_COMPILER_APPICON_NAME = AppIcon;
				CODE_SIGN_STYLE = Automatic;
				DEVELOPMENT_TEAM = CKP83Y2XL6;
				INFOPLIST_FILE = "Magic 8 Ball/Info.plist";
				IPHONEOS_DEPLOYMENT_TARGET = 9.0;
				LD_RUNPATH_SEARCH_PATHS = (
					"$(inherited)",
					"@executable_path/Frameworks",
				);
				PRODUCT_BUNDLE_IDENTIFIER = "com.Simo-Loikkanen.Magic-8-Ball";
				PRODUCT_NAME = "$(TARGET_NAME)";
				SWIFT_VERSION = 4.2;
				TARGETED_DEVICE_FAMILY = 1;
			};
			name = Debug;
		};
		32020D87296C1CBC00D6F95B /* Release */ = {
			isa = XCBuildConfiguration;
			buildSettings = {
				ASSETCATALOG_COMPILER_APPICON_NAME = AppIcon;
				CODE_SIGN_STYLE = Automatic;
				DEVELOPMENT_TEAM = CKP83Y2XL6;
				INFOPLIST_FILE = "Magic 8 Ball/Info.plist";
				IPHONEOS_DEPLOYMENT_TARGET = 9.0;
				LD_RUNPATH_SEARCH_PATHS = (
					"$(inherited)",
					"@executable_path/Frameworks",
				);
				PRODUCT_BUNDLE_IDENTIFIER = "com.Simo-Loikkanen.Magic-8-Ball";
				PRODUCT_NAME = "$(TARGET_NAME)";
				SWIFT_VERSION = 4.2;
				TARGETED_DEVICE_FAMILY = 1;
			};
			name = Release;
		};
		32020D89296C1CBC00D6F95B /* Debug */ = {
			isa = XCBuildConfiguration;
			buildSettings = {
				ALWAYS_EMBED_SWIFT_STANDARD_LIBRARIES = YES;
				BUNDLE_LOADER = "$(TEST_HOST)";
				CODE_SIGN_STYLE = Automatic;
				DEVELOPMENT_TEAM = CKP83Y2XL6;
				INFOPLIST_FILE = "Magic 8 BallTests/Info.plist";
				LD_RUNPATH_SEARCH_PATHS = (
					"$(inherited)",
					"@executable_path/Frameworks",
					"@loader_path/Frameworks",
				);
				PRODUCT_BUNDLE_IDENTIFIER = "com.Simo-Loikkanen.Magic-8-BallTests";
				PRODUCT_NAME = "$(TARGET_NAME)";
				SWIFT_VERSION = 4.2;
				TARGETED_DEVICE_FAMILY = "1,2";
				TEST_HOST = "$(BUILT_PRODUCTS_DIR)/Magic 8 Ball.app/Magic 8 Ball";
			};
			name = Debug;
		};
		32020D8A296C1CBC00D6F95B /* Release */ = {
			isa = XCBuildConfiguration;
			buildSettings = {
				ALWAYS_EMBED_SWIFT_STANDARD_LIBRARIES = YES;
				BUNDLE_LOADER = "$(TEST_HOST)";
				CODE_SIGN_STYLE = Automatic;
				DEVELOPMENT_TEAM = CKP83Y2XL6;
				INFOPLIST_FILE = "Magic 8 BallTests/Info.plist";
				LD_RUNPATH_SEARCH_PATHS = (
					"$(inherited)",
					"@executable_path/Frameworks",
					"@loader_path/Frameworks",
				);
				PRODUCT_BUNDLE_IDENTIFIER = "com.Simo-Loikkanen.Magic-8-BallTests";
				PRODUCT_NAME = "$(TARGET_NAME)";
				SWIFT_VERSION = 4.2;
				TARGETED_DEVICE_FAMILY = "1,2";
				TEST_HOST = "$(BUILT_PRODUCTS_DIR)/Magic 8 Ball.app/Magic 8 Ball";
			};
			name = Release;
		};
		32020D8C296C1CBC00D6F95B /* Debug */ = {
			isa = XCBuildConfiguration;
			buildSettings = {
				ALWAYS_EMBED_SWIFT_STANDARD_LIBRARIES = YES;
				CODE_SIGN_STYLE = Automatic;
				DEVELOPMENT_TEAM = CKP83Y2XL6;
				INFOPLIST_FILE = "Magic 8 BallUITests/Info.plist";
				LD_RUNPATH_SEARCH_PATHS = (
					"$(inherited)",
					"@executable_path/Frameworks",
					"@loader_path/Frameworks",
				);
				PRODUCT_BUNDLE_IDENTIFIER = "com.Simo-Loikkanen.Magic-8-BallUITests";
				PRODUCT_NAME = "$(TARGET_NAME)";
				SWIFT_VERSION = 4.2;
				TARGETED_DEVICE_FAMILY = "1,2";
				TEST_TARGET_NAME = "Magic 8 Ball";
			};
			name = Debug;
		};
		32020D8D296C1CBC00D6F95B /* Release */ = {
			isa = XCBuildConfiguration;
			buildSettings = {
				ALWAYS_EMBED_SWIFT_STANDARD_LIBRARIES = YES;
				CODE_SIGN_STYLE = Automatic;
				DEVELOPMENT_TEAM = CKP83Y2XL6;
				INFOPLIST_FILE = "Magic 8 BallUITests/Info.plist";
				LD_RUNPATH_SEARCH_PATHS = (
					"$(inherited)",
					"@executable_path/Frameworks",
					"@loader_path/Frameworks",
				);
				PRODUCT_BUNDLE_IDENTIFIER = "com.Simo-Loikkanen.Magic-8-BallUITests";
				PRODUCT_NAME = "$(TARGET_NAME)";
				SWIFT_VERSION = 4.2;
				TARGETED_DEVICE_FAMILY = "1,2";
				TEST_TARGET_NAME = "Magic 8 Ball";
			};
			name = Release;
		};
/* End XCBuildConfiguration section */

/* Begin XCConfigurationList section */
		32020D58296C1CB900D6F95B /* Build configuration list for PBXProject "Magic 8 Ball" */ = {
			isa = XCConfigurationList;
			buildConfigurations = (
				32020D83296C1CBC00D6F95B /* Debug */,
				32020D84296C1CBC00D6F95B /* Release */,
			);
			defaultConfigurationIsVisible = 0;
			defaultConfigurationName = Release;
		};
		32020D85296C1CBC00D6F95B /* Build configuration list for PBXNativeTarget "Magic 8 Ball" */ = {
			isa = XCConfigurationList;
			buildConfigurations = (
				32020D86296C1CBC00D6F95B /* Debug */,
				32020D87296C1CBC00D6F95B /* Release */,
			);
			defaultConfigurationIsVisible = 0;
			defaultConfigurationName = Release;
		};
		32020D88296C1CBC00D6F95B /* Build configuration list for PBXNativeTarget "Magic 8 BallTests" */ = {
			isa = XCConfigurationList;
			buildConfigurations = (
				32020D89296C1CBC00D6F95B /* Debug */,
				32020D8A296C1CBC00D6F95B /* Release */,
			);
			defaultConfigurationIsVisible = 0;
			defaultConfigurationName = Release;
		};
		32020D8B296C1CBC00D6F95B /* Build configuration list for PBXNativeTarget "Magic 8 BallUITests" */ = {
			isa = XCConfigurationList;
			buildConfigurations = (
				32020D8C296C1CBC00D6F95B /* Debug */,
				32020D8D296C1CBC00D6F95B /* Release */,
			);
			defaultConfigurationIsVisible = 0;
			defaultConfigurationName = Release;
		};
/* End XCConfigurationList section */
	};
	rootObject = 32020D55296C1CB900D6F95B /* Project object */;
}
